// !$*UTF8*$!
{
	archiveVersion = 1;
	classes = {
	};
	objectVersion = 56;
	objects = {

/* Begin PBXBuildFile section */
		CC5985832CD3907400649C03 /* AddMatchViewController.swift in Sources */ = {isa = PBXBuildFile; fileRef = CC5985822CD3907400649C03 /* AddMatchViewController.swift */; };
		CC5985852CD3907D00649C03 /* AddMatchAssembly.swift in Sources */ = {isa = PBXBuildFile; fileRef = CC5985842CD3907D00649C03 /* AddMatchAssembly.swift */; };
		CC5985882CD3A08000649C03 /* MatchPresentView.swift in Sources */ = {isa = PBXBuildFile; fileRef = CC5985872CD3A08000649C03 /* MatchPresentView.swift */; };
		CC59858A2CD3A0C100649C03 /* CreateMatchView.swift in Sources */ = {isa = PBXBuildFile; fileRef = CC5985892CD3A0C100649C03 /* CreateMatchView.swift */; };
		CC59858C2CD3B04E00649C03 /* CreateStatView.swift in Sources */ = {isa = PBXBuildFile; fileRef = CC59858B2CD3B04E00649C03 /* CreateStatView.swift */; };
		CC59858F2CD3B22A00649C03 /* CreateBestPlayerView.swift in Sources */ = {isa = PBXBuildFile; fileRef = CC59858E2CD3B22A00649C03 /* CreateBestPlayerView.swift */; };
		CC5985912CD3B42A00649C03 /* AddMatchRouter.swift in Sources */ = {isa = PBXBuildFile; fileRef = CC5985902CD3B42A00649C03 /* AddMatchRouter.swift */; };
		CC5985942CD3B6AA00649C03 /* SelectTeamViewController.swift in Sources */ = {isa = PBXBuildFile; fileRef = CC5985932CD3B6AA00649C03 /* SelectTeamViewController.swift */; };
		CC5985962CD3B6B200649C03 /* SelectTeamAssembly.swift in Sources */ = {isa = PBXBuildFile; fileRef = CC5985952CD3B6B200649C03 /* SelectTeamAssembly.swift */; };
		CC5985992CD3BE1A00649C03 /* EditMatchViewController.swift in Sources */ = {isa = PBXBuildFile; fileRef = CC5985982CD3BE1A00649C03 /* EditMatchViewController.swift */; };
		CC59859B2CD3BE2300649C03 /* EditMatchAssembly.swift in Sources */ = {isa = PBXBuildFile; fileRef = CC59859A2CD3BE2300649C03 /* EditMatchAssembly.swift */; };
		CC59859E2CD3C42D00649C03 /* EventTableViewCell.swift in Sources */ = {isa = PBXBuildFile; fileRef = CC59859D2CD3C42D00649C03 /* EventTableViewCell.swift */; };
		CC5985A12CD3C5F200649C03 /* AddEventViewController.swift in Sources */ = {isa = PBXBuildFile; fileRef = CC5985A02CD3C5F200649C03 /* AddEventViewController.swift */; };
		CC5985A32CD3C5F900649C03 /* AddEventAssembly.swift in Sources */ = {isa = PBXBuildFile; fileRef = CC5985A22CD3C5F900649C03 /* AddEventAssembly.swift */; };
		CC5985A52CD3C80A00649C03 /* EventPlayerStatView.swift in Sources */ = {isa = PBXBuildFile; fileRef = CC5985A42CD3C80A00649C03 /* EventPlayerStatView.swift */; };
		CC5985A82CD3CD7300649C03 /* EditEventViewController.swift in Sources */ = {isa = PBXBuildFile; fileRef = CC5985A72CD3CD7300649C03 /* EditEventViewController.swift */; };
		CC5985AA2CD3CD7B00649C03 /* EditEventAssembly.swift in Sources */ = {isa = PBXBuildFile; fileRef = CC5985A92CD3CD7B00649C03 /* EditEventAssembly.swift */; };
		CC5985AC2CD3CE3B00649C03 /* EventPlayerPresentStatView.swift in Sources */ = {isa = PBXBuildFile; fileRef = CC5985AB2CD3CE3B00649C03 /* EventPlayerPresentStatView.swift */; };
		CC5985AF2CD3D1DD00649C03 /* PlayerTableViewCell.swift in Sources */ = {isa = PBXBuildFile; fileRef = CC5985AE2CD3D1DD00649C03 /* PlayerTableViewCell.swift */; };
		CC5985B22CD3D6B300649C03 /* AddPlayerViewController.swift in Sources */ = {isa = PBXBuildFile; fileRef = CC5985B12CD3D6B300649C03 /* AddPlayerViewController.swift */; };
		CC5985B42CD3D6BA00649C03 /* AddPlayerAssembly.swift in Sources */ = {isa = PBXBuildFile; fileRef = CC5985B32CD3D6BA00649C03 /* AddPlayerAssembly.swift */; };
		CC5985B72CD3DB4C00649C03 /* EditPlayerViewController.swift in Sources */ = {isa = PBXBuildFile; fileRef = CC5985B62CD3DB4C00649C03 /* EditPlayerViewController.swift */; };
		CC5985B92CD3DB5300649C03 /* EditPlayerAssembly.swift in Sources */ = {isa = PBXBuildFile; fileRef = CC5985B82CD3DB5300649C03 /* EditPlayerAssembly.swift */; };
		CC5985BC2CD3E4B900649C03 /* UsageViewController.swift in Sources */ = {isa = PBXBuildFile; fileRef = CC5985BB2CD3E4B900649C03 /* UsageViewController.swift */; };
		CC5985BE2CD3E6A800649C03 /* LastMatchView.swift in Sources */ = {isa = PBXBuildFile; fileRef = CC5985BD2CD3E6A800649C03 /* LastMatchView.swift */; };
		CC5985C12CD3E6E300649C03 /* LastEventView.swift in Sources */ = {isa = PBXBuildFile; fileRef = CC5985C02CD3E6E300649C03 /* LastEventView.swift */; };
		CC5985C42CD3E76000649C03 /* EmptyView.swift in Sources */ = {isa = PBXBuildFile; fileRef = CC5985C32CD3E76000649C03 /* EmptyView.swift */; };
		CC687E962CDBA5B700CDBB27 /* DetailViewController.swift in Sources */ = {isa = PBXBuildFile; fileRef = CC687E952CDBA5B700CDBB27 /* DetailViewController.swift */; };
		CC687E982CDBA5BE00CDBB27 /* DetailAssembly.swift in Sources */ = {isa = PBXBuildFile; fileRef = CC687E972CDBA5BE00CDBB27 /* DetailAssembly.swift */; };
		CC687E9A2CDBA5C500CDBB27 /* DetailRouter.swift in Sources */ = {isa = PBXBuildFile; fileRef = CC687E992CDBA5C500CDBB27 /* DetailRouter.swift */; };
		CC687E9C2CDBA5CC00CDBB27 /* DetailCell.swift in Sources */ = {isa = PBXBuildFile; fileRef = CC687E9B2CDBA5CC00CDBB27 /* DetailCell.swift */; };
		CC687E9F2CDBAA2D00CDBB27 /* FilterViewController.swift in Sources */ = {isa = PBXBuildFile; fileRef = CC687E9E2CDBAA2D00CDBB27 /* FilterViewController.swift */; };
		CC687EA12CDBAA3300CDBB27 /* FilterAssembly.swift in Sources */ = {isa = PBXBuildFile; fileRef = CC687EA02CDBAA3300CDBB27 /* FilterAssembly.swift */; };
		CC687EA32CDBAA3900CDBB27 /* FilterRouter.swift in Sources */ = {isa = PBXBuildFile; fileRef = CC687EA22CDBAA3900CDBB27 /* FilterRouter.swift */; };
		CC687EA62CDBB25400CDBB27 /* ProfileViewController.swift in Sources */ = {isa = PBXBuildFile; fileRef = CC687EA52CDBB25400CDBB27 /* ProfileViewController.swift */; };
		CC687EA82CDBB25D00CDBB27 /* ProfileAssembly.swift in Sources */ = {isa = PBXBuildFile; fileRef = CC687EA72CDBB25D00CDBB27 /* ProfileAssembly.swift */; };
		CC72B22A2CD0C65500492AC9 /* TabBarRouter.swift in Sources */ = {isa = PBXBuildFile; fileRef = CC72B2292CD0C65500492AC9 /* TabBarRouter.swift */; };
		CC72B22E2CD0C6FB00492AC9 /* SettingsViewController.swift in Sources */ = {isa = PBXBuildFile; fileRef = CC72B22D2CD0C6FB00492AC9 /* SettingsViewController.swift */; };
		CC72B2302CD0C70300492AC9 /* SettingsAssembly.swift in Sources */ = {isa = PBXBuildFile; fileRef = CC72B22F2CD0C70300492AC9 /* SettingsAssembly.swift */; };
		CC72B2322CD0C70A00492AC9 /* SettingsRouter.swift in Sources */ = {isa = PBXBuildFile; fileRef = CC72B2312CD0C70A00492AC9 /* SettingsRouter.swift */; };
		CC72B2352CD0D5B100492AC9 /* SettingsView.swift in Sources */ = {isa = PBXBuildFile; fileRef = CC72B2342CD0D5B100492AC9 /* SettingsView.swift */; };
		CC72B2382CD0F91000492AC9 /* StatView.swift in Sources */ = {isa = PBXBuildFile; fileRef = CC72B2372CD0F91000492AC9 /* StatView.swift */; };
		CC72B23A2CD1036B00492AC9 /* BestPView.swift in Sources */ = {isa = PBXBuildFile; fileRef = CC72B2392CD1036B00492AC9 /* BestPView.swift */; };
		CC72B23D2CD207E800492AC9 /* TeamViewController.swift in Sources */ = {isa = PBXBuildFile; fileRef = CC72B23C2CD207E800492AC9 /* TeamViewController.swift */; };
		CC72B23F2CD207EF00492AC9 /* TeamAssembly.swift in Sources */ = {isa = PBXBuildFile; fileRef = CC72B23E2CD207EF00492AC9 /* TeamAssembly.swift */; };
		CC72B2422CD20EF100492AC9 /* EmptyCollectionViewCell.swift in Sources */ = {isa = PBXBuildFile; fileRef = CC72B2412CD20EF100492AC9 /* EmptyCollectionViewCell.swift */; };
		CC72B2442CD2107100492AC9 /* TeamCollectionViewCell.swift in Sources */ = {isa = PBXBuildFile; fileRef = CC72B2432CD2107100492AC9 /* TeamCollectionViewCell.swift */; };
		CC72B2472CD2196E00492AC9 /* AddTeamViewController.swift in Sources */ = {isa = PBXBuildFile; fileRef = CC72B2462CD2196E00492AC9 /* AddTeamViewController.swift */; };
		CC72B2492CD2197500492AC9 /* AddTeamAssembly.swift in Sources */ = {isa = PBXBuildFile; fileRef = CC72B2482CD2197500492AC9 /* AddTeamAssembly.swift */; };
		CC72B24B2CD21ABD00492AC9 /* TeamRouter.swift in Sources */ = {isa = PBXBuildFile; fileRef = CC72B24A2CD21ABD00492AC9 /* TeamRouter.swift */; };
		CC72B24E2CD21BC500492AC9 /* HeaderTextField.swift in Sources */ = {isa = PBXBuildFile; fileRef = CC72B24D2CD21BC500492AC9 /* HeaderTextField.swift */; };
		CC72B2512CD21D2800492AC9 /* AddPhotoView.swift in Sources */ = {isa = PBXBuildFile; fileRef = CC72B2502CD21D2800492AC9 /* AddPhotoView.swift */; };
		CC72B2542CD223B700492AC9 /* EditTeamViewController.swift in Sources */ = {isa = PBXBuildFile; fileRef = CC72B2532CD223B700492AC9 /* EditTeamViewController.swift */; };
		CC72B2562CD223C100492AC9 /* EditTeamAssembly.swift in Sources */ = {isa = PBXBuildFile; fileRef = CC72B2552CD223C100492AC9 /* EditTeamAssembly.swift */; };
		CC72B2592CD225EC00492AC9 /* ChooseTeamViewController.swift in Sources */ = {isa = PBXBuildFile; fileRef = CC72B2582CD225EC00492AC9 /* ChooseTeamViewController.swift */; };
		CC72B25B2CD225F400492AC9 /* ChooseTeamAssembly.swift in Sources */ = {isa = PBXBuildFile; fileRef = CC72B25A2CD225F400492AC9 /* ChooseTeamAssembly.swift */; };
		CC72B25E2CD237B900492AC9 /* TeamView.swift in Sources */ = {isa = PBXBuildFile; fileRef = CC72B25D2CD237B900492AC9 /* TeamView.swift */; };
		CC72B2602CD23D4A00492AC9 /* TabBarAssembly.swift in Sources */ = {isa = PBXBuildFile; fileRef = CC72B25F2CD23D4A00492AC9 /* TabBarAssembly.swift */; };
		CC72B27B2CD29C5D00492AC9 /* MatchTableViewCell.swift in Sources */ = {isa = PBXBuildFile; fileRef = CC72B27A2CD29C5D00492AC9 /* MatchTableViewCell.swift */; };
		CC72B27D2CD2ACFC00492AC9 /* EmptyTableViewCell.swift in Sources */ = {isa = PBXBuildFile; fileRef = CC72B27C2CD2ACFC00492AC9 /* EmptyTableViewCell.swift */; };
		CCC115292CCB8DF30099D384 /* AppDelegate.swift in Sources */ = {isa = PBXBuildFile; fileRef = CCC115282CCB8DF30099D384 /* AppDelegate.swift */; };
		CCC1152B2CCB8DF30099D384 /* SceneDelegate.swift in Sources */ = {isa = PBXBuildFile; fileRef = CCC1152A2CCB8DF30099D384 /* SceneDelegate.swift */; };
		CCC115322CCB8DF50099D384 /* Assets.xcassets in Resources */ = {isa = PBXBuildFile; fileRef = CCC115312CCB8DF50099D384 /* Assets.xcassets */; };
		CCC115352CCB8DF50099D384 /* Base in Resources */ = {isa = PBXBuildFile; fileRef = CCC115342CCB8DF50099D384 /* Base */; };
		CCC115402CCB8F510099D384 /* SnapKit in Frameworks */ = {isa = PBXBuildFile; productRef = CCC1153F2CCB8F510099D384 /* SnapKit */; };
		CCC115452CCB8F5D0099D384 /* SQLite in Frameworks */ = {isa = PBXBuildFile; productRef = CCC115442CCB8F5D0099D384 /* SQLite */; };
		CCC115482CCB8F6B0099D384 /* Swinject in Frameworks */ = {isa = PBXBuildFile; productRef = CCC115472CCB8F6B0099D384 /* Swinject */; };
		CCC1154D2CCB8F750099D384 /* SwinjectAutoregistration in Frameworks */ = {isa = PBXBuildFile; productRef = CCC1154C2CCB8F750099D384 /* SwinjectAutoregistration */; };
		CCC115522CCB8FDA0099D384 /* TrackerProModel in Frameworks */ = {isa = PBXBuildFile; productRef = CCC115512CCB8FDA0099D384 /* TrackerProModel */; };
		CCC115542CCB8FDA0099D384 /* TrackerProViewModel in Frameworks */ = {isa = PBXBuildFile; productRef = CCC115532CCB8FDA0099D384 /* TrackerProViewModel */; };
		CCC1155C2CCB902F0099D384 /* Setupable.swift in Sources */ = {isa = PBXBuildFile; fileRef = CCC1155B2CCB902F0099D384 /* Setupable.swift */; };
		CCC1155E2CCB90390099D384 /* BaseViewController.swift in Sources */ = {isa = PBXBuildFile; fileRef = CCC1155D2CCB90390099D384 /* BaseViewController.swift */; };
		CCC115602CCB90400099D384 /* ReusableView.swift in Sources */ = {isa = PBXBuildFile; fileRef = CCC1155F2CCB90400099D384 /* ReusableView.swift */; };
		CCC115622CCB90470099D384 /* BaseRouter.swift in Sources */ = {isa = PBXBuildFile; fileRef = CCC115612CCB90470099D384 /* BaseRouter.swift */; };
		CCC115652CCB905B0099D384 /* ViewControllerFactory.swift in Sources */ = {isa = PBXBuildFile; fileRef = CCC115642CCB905B0099D384 /* ViewControllerFactory.swift */; };
		CCC115672CCB90660099D384 /* ServiceAssembly.swift in Sources */ = {isa = PBXBuildFile; fileRef = CCC115662CCB90660099D384 /* ServiceAssembly.swift */; };
		CCC1156A2CCB916C0099D384 /* UntilOnboardingViewController.swift in Sources */ = {isa = PBXBuildFile; fileRef = CCC115692CCB916C0099D384 /* UntilOnboardingViewController.swift */; };
		CCC1156C2CCB91740099D384 /* UntilOnboardingAssembly.swift in Sources */ = {isa = PBXBuildFile; fileRef = CCC1156B2CCB91740099D384 /* UntilOnboardingAssembly.swift */; };
		CCC1156E2CCB917D0099D384 /* UntilOnboardingRouter.swift in Sources */ = {isa = PBXBuildFile; fileRef = CCC1156D2CCB917D0099D384 /* UntilOnboardingRouter.swift */; };
		CCC115752CCB91C40099D384 /* SF-Pro-Text-Semibold.otf in Resources */ = {isa = PBXBuildFile; fileRef = CCC115702CCB91C40099D384 /* SF-Pro-Text-Semibold.otf */; };
		CCC115762CCB91C40099D384 /* SF-Pro-Text-Regular.otf in Resources */ = {isa = PBXBuildFile; fileRef = CCC115712CCB91C40099D384 /* SF-Pro-Text-Regular.otf */; };
		CCC115772CCB91C40099D384 /* SF-Pro-Text-Medium.otf in Resources */ = {isa = PBXBuildFile; fileRef = CCC115722CCB91C40099D384 /* SF-Pro-Text-Medium.otf */; };
		CCC115782CCB91C40099D384 /* SF-Pro-Text-Black.otf in Resources */ = {isa = PBXBuildFile; fileRef = CCC115732CCB91C40099D384 /* SF-Pro-Text-Black.otf */; };
		CCC115792CCB91C40099D384 /* SF-Pro-Text-Bold.otf in Resources */ = {isa = PBXBuildFile; fileRef = CCC115742CCB91C40099D384 /* SF-Pro-Text-Bold.otf */; };
		CCC1157B2CCB923B0099D384 /* TableView.swift in Sources */ = {isa = PBXBuildFile; fileRef = CCC1157A2CCB923B0099D384 /* TableView.swift */; };
		CCC1157D2CCB92420099D384 /* CollectionView.swift in Sources */ = {isa = PBXBuildFile; fileRef = CCC1157C2CCB92420099D384 /* CollectionView.swift */; };
		CCC1157F2CCB924A0099D384 /* UIColor.swift in Sources */ = {isa = PBXBuildFile; fileRef = CCC1157E2CCB924A0099D384 /* UIColor.swift */; };
		CCC115812CCB92510099D384 /* UIDevice.swift in Sources */ = {isa = PBXBuildFile; fileRef = CCC115802CCB92510099D384 /* UIDevice.swift */; };
		CCC115832CCB92570099D384 /* UILabel.swift in Sources */ = {isa = PBXBuildFile; fileRef = CCC115822CCB92570099D384 /* UILabel.swift */; };
		CCC115852CCB925D0099D384 /* StackView.swift in Sources */ = {isa = PBXBuildFile; fileRef = CCC115842CCB925D0099D384 /* StackView.swift */; };
		CCC115872CCB92630099D384 /* String.swift in Sources */ = {isa = PBXBuildFile; fileRef = CCC115862CCB92630099D384 /* String.swift */; };
		CCC1158B2CCB962A0099D384 /* OnboardingViewController.swift in Sources */ = {isa = PBXBuildFile; fileRef = CCC1158A2CCB962A0099D384 /* OnboardingViewController.swift */; };
		CCC1158D2CCB96340099D384 /* OnboardingAssembly.swift in Sources */ = {isa = PBXBuildFile; fileRef = CCC1158C2CCB96340099D384 /* OnboardingAssembly.swift */; };
		CCC1158F2CCB963D0099D384 /* OnboardingRouter.swift in Sources */ = {isa = PBXBuildFile; fileRef = CCC1158E2CCB963D0099D384 /* OnboardingRouter.swift */; };
		CCC115912CCB96440099D384 /* OnboardingCell.swift in Sources */ = {isa = PBXBuildFile; fileRef = CCC115902CCB96440099D384 /* OnboardingCell.swift */; };
		CCC115942CCFCF980099D384 /* TabBarViewController.swift in Sources */ = {isa = PBXBuildFile; fileRef = CCC115932CCFCF980099D384 /* TabBarViewController.swift */; };
		CCC1159D2CD008400099D384 /* PlayersViewController.swift in Sources */ = {isa = PBXBuildFile; fileRef = CCC1159C2CD008400099D384 /* PlayersViewController.swift */; };
		CCC1159F2CD008470099D384 /* PlayersAssembly.swift in Sources */ = {isa = PBXBuildFile; fileRef = CCC1159E2CD008470099D384 /* PlayersAssembly.swift */; };
		CCC115A12CD0084D0099D384 /* PlayersRouter.swift in Sources */ = {isa = PBXBuildFile; fileRef = CCC115A02CD0084D0099D384 /* PlayersRouter.swift */; };
		CCC115A32CD008560099D384 /* StatisticViewController.swift in Sources */ = {isa = PBXBuildFile; fileRef = CCC115A22CD008560099D384 /* StatisticViewController.swift */; };
		CCC115A72CD008660099D384 /* StatisticAssembly.swift in Sources */ = {isa = PBXBuildFile; fileRef = CCC115A62CD008660099D384 /* StatisticAssembly.swift */; };
		CCC115A92CD0086F0099D384 /* EventViewController.swift in Sources */ = {isa = PBXBuildFile; fileRef = CCC115A82CD0086F0099D384 /* EventViewController.swift */; };
		CCC115AB2CD008750099D384 /* EventRouter.swift in Sources */ = {isa = PBXBuildFile; fileRef = CCC115AA2CD008750099D384 /* EventRouter.swift */; };
		CCC115AD2CD0087B0099D384 /* EventAssembly.swift in Sources */ = {isa = PBXBuildFile; fileRef = CCC115AC2CD0087B0099D384 /* EventAssembly.swift */; };
		CCC115AF2CD008860099D384 /* MatchViewController.swift in Sources */ = {isa = PBXBuildFile; fileRef = CCC115AE2CD008860099D384 /* MatchViewController.swift */; };
		CCC115B12CD0088D0099D384 /* MatchRouter.swift in Sources */ = {isa = PBXBuildFile; fileRef = CCC115B02CD0088D0099D384 /* MatchRouter.swift */; };
		CCC115B32CD008940099D384 /* MatchAssembly.swift in Sources */ = {isa = PBXBuildFile; fileRef = CCC115B22CD008940099D384 /* MatchAssembly.swift */; };
		CCC115B52CD0089E0099D384 /* DashboardViewController.swift in Sources */ = {isa = PBXBuildFile; fileRef = CCC115B42CD0089E0099D384 /* DashboardViewController.swift */; };
		CCC115B92CD008AD0099D384 /* DashboardAssembly.swift in Sources */ = {isa = PBXBuildFile; fileRef = CCC115B82CD008AD0099D384 /* DashboardAssembly.swift */; };
/* End PBXBuildFile section */

/* Begin PBXFileReference section */
		CC5985822CD3907400649C03 /* AddMatchViewController.swift */ = {isa = PBXFileReference; lastKnownFileType = sourcecode.swift; path = AddMatchViewController.swift; sourceTree = "<group>"; };
		CC5985842CD3907D00649C03 /* AddMatchAssembly.swift */ = {isa = PBXFileReference; lastKnownFileType = sourcecode.swift; path = AddMatchAssembly.swift; sourceTree = "<group>"; };
		CC5985872CD3A08000649C03 /* MatchPresentView.swift */ = {isa = PBXFileReference; lastKnownFileType = sourcecode.swift; path = MatchPresentView.swift; sourceTree = "<group>"; };
		CC5985892CD3A0C100649C03 /* CreateMatchView.swift */ = {isa = PBXFileReference; lastKnownFileType = sourcecode.swift; path = CreateMatchView.swift; sourceTree = "<group>"; };
		CC59858B2CD3B04E00649C03 /* CreateStatView.swift */ = {isa = PBXFileReference; lastKnownFileType = sourcecode.swift; path = CreateStatView.swift; sourceTree = "<group>"; };
		CC59858E2CD3B22A00649C03 /* CreateBestPlayerView.swift */ = {isa = PBXFileReference; lastKnownFileType = sourcecode.swift; path = CreateBestPlayerView.swift; sourceTree = "<group>"; };
		CC5985902CD3B42A00649C03 /* AddMatchRouter.swift */ = {isa = PBXFileReference; lastKnownFileType = sourcecode.swift; path = AddMatchRouter.swift; sourceTree = "<group>"; };
		CC5985932CD3B6AA00649C03 /* SelectTeamViewController.swift */ = {isa = PBXFileReference; lastKnownFileType = sourcecode.swift; path = SelectTeamViewController.swift; sourceTree = "<group>"; };
		CC5985952CD3B6B200649C03 /* SelectTeamAssembly.swift */ = {isa = PBXFileReference; lastKnownFileType = sourcecode.swift; path = SelectTeamAssembly.swift; sourceTree = "<group>"; };
		CC5985982CD3BE1A00649C03 /* EditMatchViewController.swift */ = {isa = PBXFileReference; lastKnownFileType = sourcecode.swift; path = EditMatchViewController.swift; sourceTree = "<group>"; };
		CC59859A2CD3BE2300649C03 /* EditMatchAssembly.swift */ = {isa = PBXFileReference; lastKnownFileType = sourcecode.swift; path = EditMatchAssembly.swift; sourceTree = "<group>"; };
		CC59859D2CD3C42D00649C03 /* EventTableViewCell.swift */ = {isa = PBXFileReference; lastKnownFileType = sourcecode.swift; path = EventTableViewCell.swift; sourceTree = "<group>"; };
		CC5985A02CD3C5F200649C03 /* AddEventViewController.swift */ = {isa = PBXFileReference; lastKnownFileType = sourcecode.swift; path = AddEventViewController.swift; sourceTree = "<group>"; };
		CC5985A22CD3C5F900649C03 /* AddEventAssembly.swift */ = {isa = PBXFileReference; lastKnownFileType = sourcecode.swift; path = AddEventAssembly.swift; sourceTree = "<group>"; };
		CC5985A42CD3C80A00649C03 /* EventPlayerStatView.swift */ = {isa = PBXFileReference; lastKnownFileType = sourcecode.swift; path = EventPlayerStatView.swift; sourceTree = "<group>"; };
		CC5985A72CD3CD7300649C03 /* EditEventViewController.swift */ = {isa = PBXFileReference; lastKnownFileType = sourcecode.swift; path = EditEventViewController.swift; sourceTree = "<group>"; };
		CC5985A92CD3CD7B00649C03 /* EditEventAssembly.swift */ = {isa = PBXFileReference; lastKnownFileType = sourcecode.swift; path = EditEventAssembly.swift; sourceTree = "<group>"; };
		CC5985AB2CD3CE3B00649C03 /* EventPlayerPresentStatView.swift */ = {isa = PBXFileReference; lastKnownFileType = sourcecode.swift; path = EventPlayerPresentStatView.swift; sourceTree = "<group>"; };
		CC5985AE2CD3D1DD00649C03 /* PlayerTableViewCell.swift */ = {isa = PBXFileReference; lastKnownFileType = sourcecode.swift; path = PlayerTableViewCell.swift; sourceTree = "<group>"; };
		CC5985B12CD3D6B300649C03 /* AddPlayerViewController.swift */ = {isa = PBXFileReference; lastKnownFileType = sourcecode.swift; path = AddPlayerViewController.swift; sourceTree = "<group>"; };
		CC5985B32CD3D6BA00649C03 /* AddPlayerAssembly.swift */ = {isa = PBXFileReference; lastKnownFileType = sourcecode.swift; path = AddPlayerAssembly.swift; sourceTree = "<group>"; };
		CC5985B62CD3DB4C00649C03 /* EditPlayerViewController.swift */ = {isa = PBXFileReference; lastKnownFileType = sourcecode.swift; path = EditPlayerViewController.swift; sourceTree = "<group>"; };
		CC5985B82CD3DB5300649C03 /* EditPlayerAssembly.swift */ = {isa = PBXFileReference; lastKnownFileType = sourcecode.swift; path = EditPlayerAssembly.swift; sourceTree = "<group>"; };
		CC5985BB2CD3E4B900649C03 /* UsageViewController.swift */ = {isa = PBXFileReference; lastKnownFileType = sourcecode.swift; path = UsageViewController.swift; sourceTree = "<group>"; };
		CC5985BD2CD3E6A800649C03 /* LastMatchView.swift */ = {isa = PBXFileReference; lastKnownFileType = sourcecode.swift; path = LastMatchView.swift; sourceTree = "<group>"; };
		CC5985C02CD3E6E300649C03 /* LastEventView.swift */ = {isa = PBXFileReference; lastKnownFileType = sourcecode.swift; path = LastEventView.swift; sourceTree = "<group>"; };
		CC5985C32CD3E76000649C03 /* EmptyView.swift */ = {isa = PBXFileReference; lastKnownFileType = sourcecode.swift; path = EmptyView.swift; sourceTree = "<group>"; };
		CC687E952CDBA5B700CDBB27 /* DetailViewController.swift */ = {isa = PBXFileReference; lastKnownFileType = sourcecode.swift; path = DetailViewController.swift; sourceTree = "<group>"; };
		CC687E972CDBA5BE00CDBB27 /* DetailAssembly.swift */ = {isa = PBXFileReference; lastKnownFileType = sourcecode.swift; path = DetailAssembly.swift; sourceTree = "<group>"; };
		CC687E992CDBA5C500CDBB27 /* DetailRouter.swift */ = {isa = PBXFileReference; lastKnownFileType = sourcecode.swift; path = DetailRouter.swift; sourceTree = "<group>"; };
		CC687E9B2CDBA5CC00CDBB27 /* DetailCell.swift */ = {isa = PBXFileReference; lastKnownFileType = sourcecode.swift; path = DetailCell.swift; sourceTree = "<group>"; };
		CC687E9E2CDBAA2D00CDBB27 /* FilterViewController.swift */ = {isa = PBXFileReference; lastKnownFileType = sourcecode.swift; path = FilterViewController.swift; sourceTree = "<group>"; };
		CC687EA02CDBAA3300CDBB27 /* FilterAssembly.swift */ = {isa = PBXFileReference; lastKnownFileType = sourcecode.swift; path = FilterAssembly.swift; sourceTree = "<group>"; };
		CC687EA22CDBAA3900CDBB27 /* FilterRouter.swift */ = {isa = PBXFileReference; lastKnownFileType = sourcecode.swift; path = FilterRouter.swift; sourceTree = "<group>"; };
		CC687EA52CDBB25400CDBB27 /* ProfileViewController.swift */ = {isa = PBXFileReference; lastKnownFileType = sourcecode.swift; path = ProfileViewController.swift; sourceTree = "<group>"; };
		CC687EA72CDBB25D00CDBB27 /* ProfileAssembly.swift */ = {isa = PBXFileReference; lastKnownFileType = sourcecode.swift; path = ProfileAssembly.swift; sourceTree = "<group>"; };
		CC72B2292CD0C65500492AC9 /* TabBarRouter.swift */ = {isa = PBXFileReference; lastKnownFileType = sourcecode.swift; path = TabBarRouter.swift; sourceTree = "<group>"; };
		CC72B22D2CD0C6FB00492AC9 /* SettingsViewController.swift */ = {isa = PBXFileReference; lastKnownFileType = sourcecode.swift; path = SettingsViewController.swift; sourceTree = "<group>"; };
		CC72B22F2CD0C70300492AC9 /* SettingsAssembly.swift */ = {isa = PBXFileReference; lastKnownFileType = sourcecode.swift; path = SettingsAssembly.swift; sourceTree = "<group>"; };
		CC72B2312CD0C70A00492AC9 /* SettingsRouter.swift */ = {isa = PBXFileReference; lastKnownFileType = sourcecode.swift; path = SettingsRouter.swift; sourceTree = "<group>"; };
		CC72B2342CD0D5B100492AC9 /* SettingsView.swift */ = {isa = PBXFileReference; lastKnownFileType = sourcecode.swift; path = SettingsView.swift; sourceTree = "<group>"; };
		CC72B2372CD0F91000492AC9 /* StatView.swift */ = {isa = PBXFileReference; lastKnownFileType = sourcecode.swift; path = StatView.swift; sourceTree = "<group>"; };
		CC72B2392CD1036B00492AC9 /* BestPView.swift */ = {isa = PBXFileReference; lastKnownFileType = sourcecode.swift; path = BestPView.swift; sourceTree = "<group>"; };
		CC72B23C2CD207E800492AC9 /* TeamViewController.swift */ = {isa = PBXFileReference; lastKnownFileType = sourcecode.swift; path = TeamViewController.swift; sourceTree = "<group>"; };
		CC72B23E2CD207EF00492AC9 /* TeamAssembly.swift */ = {isa = PBXFileReference; lastKnownFileType = sourcecode.swift; path = TeamAssembly.swift; sourceTree = "<group>"; };
		CC72B2412CD20EF100492AC9 /* EmptyCollectionViewCell.swift */ = {isa = PBXFileReference; lastKnownFileType = sourcecode.swift; path = EmptyCollectionViewCell.swift; sourceTree = "<group>"; };
		CC72B2432CD2107100492AC9 /* TeamCollectionViewCell.swift */ = {isa = PBXFileReference; lastKnownFileType = sourcecode.swift; path = TeamCollectionViewCell.swift; sourceTree = "<group>"; };
		CC72B2462CD2196E00492AC9 /* AddTeamViewController.swift */ = {isa = PBXFileReference; lastKnownFileType = sourcecode.swift; path = AddTeamViewController.swift; sourceTree = "<group>"; };
		CC72B2482CD2197500492AC9 /* AddTeamAssembly.swift */ = {isa = PBXFileReference; lastKnownFileType = sourcecode.swift; path = AddTeamAssembly.swift; sourceTree = "<group>"; };
		CC72B24A2CD21ABD00492AC9 /* TeamRouter.swift */ = {isa = PBXFileReference; lastKnownFileType = sourcecode.swift; path = TeamRouter.swift; sourceTree = "<group>"; };
		CC72B24D2CD21BC500492AC9 /* HeaderTextField.swift */ = {isa = PBXFileReference; lastKnownFileType = sourcecode.swift; path = HeaderTextField.swift; sourceTree = "<group>"; };
		CC72B2502CD21D2800492AC9 /* AddPhotoView.swift */ = {isa = PBXFileReference; lastKnownFileType = sourcecode.swift; path = AddPhotoView.swift; sourceTree = "<group>"; };
		CC72B2532CD223B700492AC9 /* EditTeamViewController.swift */ = {isa = PBXFileReference; lastKnownFileType = sourcecode.swift; path = EditTeamViewController.swift; sourceTree = "<group>"; };
		CC72B2552CD223C100492AC9 /* EditTeamAssembly.swift */ = {isa = PBXFileReference; lastKnownFileType = sourcecode.swift; path = EditTeamAssembly.swift; sourceTree = "<group>"; };
		CC72B2582CD225EC00492AC9 /* ChooseTeamViewController.swift */ = {isa = PBXFileReference; lastKnownFileType = sourcecode.swift; path = ChooseTeamViewController.swift; sourceTree = "<group>"; };
		CC72B25A2CD225F400492AC9 /* ChooseTeamAssembly.swift */ = {isa = PBXFileReference; lastKnownFileType = sourcecode.swift; path = ChooseTeamAssembly.swift; sourceTree = "<group>"; };
		CC72B25D2CD237B900492AC9 /* TeamView.swift */ = {isa = PBXFileReference; lastKnownFileType = sourcecode.swift; path = TeamView.swift; sourceTree = "<group>"; };
		CC72B25F2CD23D4A00492AC9 /* TabBarAssembly.swift */ = {isa = PBXFileReference; lastKnownFileType = sourcecode.swift; path = TabBarAssembly.swift; sourceTree = "<group>"; };
		CC72B27A2CD29C5D00492AC9 /* MatchTableViewCell.swift */ = {isa = PBXFileReference; lastKnownFileType = sourcecode.swift; path = MatchTableViewCell.swift; sourceTree = "<group>"; };
		CC72B27C2CD2ACFC00492AC9 /* EmptyTableViewCell.swift */ = {isa = PBXFileReference; lastKnownFileType = sourcecode.swift; path = EmptyTableViewCell.swift; sourceTree = "<group>"; };
		CCC115252CCB8DF30099D384 /* 1SportsTrackerPro.app */ = {isa = PBXFileReference; explicitFileType = wrapper.application; includeInIndex = 0; path = 1SportsTrackerPro.app; sourceTree = BUILT_PRODUCTS_DIR; };
		CCC115282CCB8DF30099D384 /* AppDelegate.swift */ = {isa = PBXFileReference; lastKnownFileType = sourcecode.swift; path = AppDelegate.swift; sourceTree = "<group>"; };
		CCC1152A2CCB8DF30099D384 /* SceneDelegate.swift */ = {isa = PBXFileReference; lastKnownFileType = sourcecode.swift; path = SceneDelegate.swift; sourceTree = "<group>"; };
		CCC115312CCB8DF50099D384 /* Assets.xcassets */ = {isa = PBXFileReference; lastKnownFileType = folder.assetcatalog; path = Assets.xcassets; sourceTree = "<group>"; };
		CCC115342CCB8DF50099D384 /* Base */ = {isa = PBXFileReference; lastKnownFileType = file.storyboard; name = Base; path = Base.lproj/LaunchScreen.storyboard; sourceTree = "<group>"; };
		CCC115362CCB8DF50099D384 /* Info.plist */ = {isa = PBXFileReference; lastKnownFileType = text.plist.xml; path = Info.plist; sourceTree = "<group>"; };
		CCC1153C2CCB8F280099D384 /* TrackerProModel */ = {isa = PBXFileReference; lastKnownFileType = wrapper; path = TrackerProModel; sourceTree = "<group>"; };
		CCC1153D2CCB8F3F0099D384 /* TrackerProViewModel */ = {isa = PBXFileReference; lastKnownFileType = wrapper; path = TrackerProViewModel; sourceTree = "<group>"; };
		CCC1155B2CCB902F0099D384 /* Setupable.swift */ = {isa = PBXFileReference; lastKnownFileType = sourcecode.swift; path = Setupable.swift; sourceTree = "<group>"; };
		CCC1155D2CCB90390099D384 /* BaseViewController.swift */ = {isa = PBXFileReference; lastKnownFileType = sourcecode.swift; path = BaseViewController.swift; sourceTree = "<group>"; };
		CCC1155F2CCB90400099D384 /* ReusableView.swift */ = {isa = PBXFileReference; lastKnownFileType = sourcecode.swift; path = ReusableView.swift; sourceTree = "<group>"; };
		CCC115612CCB90470099D384 /* BaseRouter.swift */ = {isa = PBXFileReference; lastKnownFileType = sourcecode.swift; path = BaseRouter.swift; sourceTree = "<group>"; };
		CCC115642CCB905B0099D384 /* ViewControllerFactory.swift */ = {isa = PBXFileReference; lastKnownFileType = sourcecode.swift; path = ViewControllerFactory.swift; sourceTree = "<group>"; };
		CCC115662CCB90660099D384 /* ServiceAssembly.swift */ = {isa = PBXFileReference; lastKnownFileType = sourcecode.swift; path = ServiceAssembly.swift; sourceTree = "<group>"; };
		CCC115692CCB916C0099D384 /* UntilOnboardingViewController.swift */ = {isa = PBXFileReference; lastKnownFileType = sourcecode.swift; path = UntilOnboardingViewController.swift; sourceTree = "<group>"; };
		CCC1156B2CCB91740099D384 /* UntilOnboardingAssembly.swift */ = {isa = PBXFileReference; lastKnownFileType = sourcecode.swift; path = UntilOnboardingAssembly.swift; sourceTree = "<group>"; };
		CCC1156D2CCB917D0099D384 /* UntilOnboardingRouter.swift */ = {isa = PBXFileReference; lastKnownFileType = sourcecode.swift; path = UntilOnboardingRouter.swift; sourceTree = "<group>"; };
		CCC115702CCB91C40099D384 /* SF-Pro-Text-Semibold.otf */ = {isa = PBXFileReference; lastKnownFileType = file; path = "SF-Pro-Text-Semibold.otf"; sourceTree = "<group>"; };
		CCC115712CCB91C40099D384 /* SF-Pro-Text-Regular.otf */ = {isa = PBXFileReference; lastKnownFileType = file; path = "SF-Pro-Text-Regular.otf"; sourceTree = "<group>"; };
		CCC115722CCB91C40099D384 /* SF-Pro-Text-Medium.otf */ = {isa = PBXFileReference; lastKnownFileType = file; path = "SF-Pro-Text-Medium.otf"; sourceTree = "<group>"; };
		CCC115732CCB91C40099D384 /* SF-Pro-Text-Black.otf */ = {isa = PBXFileReference; lastKnownFileType = file; path = "SF-Pro-Text-Black.otf"; sourceTree = "<group>"; };
		CCC115742CCB91C40099D384 /* SF-Pro-Text-Bold.otf */ = {isa = PBXFileReference; lastKnownFileType = file; path = "SF-Pro-Text-Bold.otf"; sourceTree = "<group>"; };
		CCC1157A2CCB923B0099D384 /* TableView.swift */ = {isa = PBXFileReference; lastKnownFileType = sourcecode.swift; path = TableView.swift; sourceTree = "<group>"; };
		CCC1157C2CCB92420099D384 /* CollectionView.swift */ = {isa = PBXFileReference; lastKnownFileType = sourcecode.swift; path = CollectionView.swift; sourceTree = "<group>"; };
		CCC1157E2CCB924A0099D384 /* UIColor.swift */ = {isa = PBXFileReference; lastKnownFileType = sourcecode.swift; path = UIColor.swift; sourceTree = "<group>"; };
		CCC115802CCB92510099D384 /* UIDevice.swift */ = {isa = PBXFileReference; lastKnownFileType = sourcecode.swift; path = UIDevice.swift; sourceTree = "<group>"; };
		CCC115822CCB92570099D384 /* UILabel.swift */ = {isa = PBXFileReference; lastKnownFileType = sourcecode.swift; path = UILabel.swift; sourceTree = "<group>"; };
		CCC115842CCB925D0099D384 /* StackView.swift */ = {isa = PBXFileReference; lastKnownFileType = sourcecode.swift; path = StackView.swift; sourceTree = "<group>"; };
		CCC115862CCB92630099D384 /* String.swift */ = {isa = PBXFileReference; lastKnownFileType = sourcecode.swift; path = String.swift; sourceTree = "<group>"; };
		CCC1158A2CCB962A0099D384 /* OnboardingViewController.swift */ = {isa = PBXFileReference; lastKnownFileType = sourcecode.swift; path = OnboardingViewController.swift; sourceTree = "<group>"; };
		CCC1158C2CCB96340099D384 /* OnboardingAssembly.swift */ = {isa = PBXFileReference; lastKnownFileType = sourcecode.swift; path = OnboardingAssembly.swift; sourceTree = "<group>"; };
		CCC1158E2CCB963D0099D384 /* OnboardingRouter.swift */ = {isa = PBXFileReference; lastKnownFileType = sourcecode.swift; path = OnboardingRouter.swift; sourceTree = "<group>"; };
		CCC115902CCB96440099D384 /* OnboardingCell.swift */ = {isa = PBXFileReference; lastKnownFileType = sourcecode.swift; path = OnboardingCell.swift; sourceTree = "<group>"; };
		CCC115932CCFCF980099D384 /* TabBarViewController.swift */ = {isa = PBXFileReference; lastKnownFileType = sourcecode.swift; path = TabBarViewController.swift; sourceTree = "<group>"; };
		CCC1159C2CD008400099D384 /* PlayersViewController.swift */ = {isa = PBXFileReference; lastKnownFileType = sourcecode.swift; path = PlayersViewController.swift; sourceTree = "<group>"; };
		CCC1159E2CD008470099D384 /* PlayersAssembly.swift */ = {isa = PBXFileReference; lastKnownFileType = sourcecode.swift; path = PlayersAssembly.swift; sourceTree = "<group>"; };
		CCC115A02CD0084D0099D384 /* PlayersRouter.swift */ = {isa = PBXFileReference; lastKnownFileType = sourcecode.swift; path = PlayersRouter.swift; sourceTree = "<group>"; };
		CCC115A22CD008560099D384 /* StatisticViewController.swift */ = {isa = PBXFileReference; lastKnownFileType = sourcecode.swift; path = StatisticViewController.swift; sourceTree = "<group>"; };
		CCC115A62CD008660099D384 /* StatisticAssembly.swift */ = {isa = PBXFileReference; lastKnownFileType = sourcecode.swift; path = StatisticAssembly.swift; sourceTree = "<group>"; };
		CCC115A82CD0086F0099D384 /* EventViewController.swift */ = {isa = PBXFileReference; lastKnownFileType = sourcecode.swift; path = EventViewController.swift; sourceTree = "<group>"; };
		CCC115AA2CD008750099D384 /* EventRouter.swift */ = {isa = PBXFileReference; lastKnownFileType = sourcecode.swift; path = EventRouter.swift; sourceTree = "<group>"; };
		CCC115AC2CD0087B0099D384 /* EventAssembly.swift */ = {isa = PBXFileReference; lastKnownFileType = sourcecode.swift; path = EventAssembly.swift; sourceTree = "<group>"; };
		CCC115AE2CD008860099D384 /* MatchViewController.swift */ = {isa = PBXFileReference; lastKnownFileType = sourcecode.swift; path = MatchViewController.swift; sourceTree = "<group>"; };
		CCC115B02CD0088D0099D384 /* MatchRouter.swift */ = {isa = PBXFileReference; lastKnownFileType = sourcecode.swift; path = MatchRouter.swift; sourceTree = "<group>"; };
		CCC115B22CD008940099D384 /* MatchAssembly.swift */ = {isa = PBXFileReference; lastKnownFileType = sourcecode.swift; path = MatchAssembly.swift; sourceTree = "<group>"; };
		CCC115B42CD0089E0099D384 /* DashboardViewController.swift */ = {isa = PBXFileReference; lastKnownFileType = sourcecode.swift; path = DashboardViewController.swift; sourceTree = "<group>"; };
		CCC115B82CD008AD0099D384 /* DashboardAssembly.swift */ = {isa = PBXFileReference; lastKnownFileType = sourcecode.swift; path = DashboardAssembly.swift; sourceTree = "<group>"; };
/* End PBXFileReference section */

/* Begin PBXFrameworksBuildPhase section */
		CCC115222CCB8DF30099D384 /* Frameworks */ = {
			isa = PBXFrameworksBuildPhase;
			buildActionMask = 2147483647;
			files = (
				CCC115452CCB8F5D0099D384 /* SQLite in Frameworks */,
				CCC115522CCB8FDA0099D384 /* TrackerProModel in Frameworks */,
				CCC115402CCB8F510099D384 /* SnapKit in Frameworks */,
				CCC115482CCB8F6B0099D384 /* Swinject in Frameworks */,
				CCC115542CCB8FDA0099D384 /* TrackerProViewModel in Frameworks */,
				CCC1154D2CCB8F750099D384 /* SwinjectAutoregistration in Frameworks */,
			);
			runOnlyForDeploymentPostprocessing = 0;
		};
/* End PBXFrameworksBuildPhase section */

/* Begin PBXGroup section */
		CC5985812CD3906800649C03 /* AddMatch */ = {
			isa = PBXGroup;
			children = (
				CC5985822CD3907400649C03 /* AddMatchViewController.swift */,
				CC5985842CD3907D00649C03 /* AddMatchAssembly.swift */,
				CC5985902CD3B42A00649C03 /* AddMatchRouter.swift */,
			);
			path = AddMatch;
			sourceTree = "<group>";
		};
		CC5985862CD3A07900649C03 /* MatchView */ = {
			isa = PBXGroup;
			children = (
				CC5985872CD3A08000649C03 /* MatchPresentView.swift */,
				CC5985892CD3A0C100649C03 /* CreateMatchView.swift */,
				CC5985BD2CD3E6A800649C03 /* LastMatchView.swift */,
			);
			path = MatchView;
			sourceTree = "<group>";
		};
		CC5985922CD3B69500649C03 /* SelectTeam */ = {
			isa = PBXGroup;
			children = (
				CC5985932CD3B6AA00649C03 /* SelectTeamViewController.swift */,
				CC5985952CD3B6B200649C03 /* SelectTeamAssembly.swift */,
			);
			path = SelectTeam;
			sourceTree = "<group>";
		};
		CC5985972CD3BE0E00649C03 /* EditMatch */ = {
			isa = PBXGroup;
			children = (
				CC5985982CD3BE1A00649C03 /* EditMatchViewController.swift */,
				CC59859A2CD3BE2300649C03 /* EditMatchAssembly.swift */,
			);
			path = EditMatch;
			sourceTree = "<group>";
		};
		CC59859C2CD3C40700649C03 /* Cell */ = {
			isa = PBXGroup;
			children = (
				CC59859D2CD3C42D00649C03 /* EventTableViewCell.swift */,
			);
			path = Cell;
			sourceTree = "<group>";
		};
		CC59859F2CD3C5E600649C03 /* AddEvent */ = {
			isa = PBXGroup;
			children = (
				CC5985A02CD3C5F200649C03 /* AddEventViewController.swift */,
				CC5985A22CD3C5F900649C03 /* AddEventAssembly.swift */,
			);
			path = AddEvent;
			sourceTree = "<group>";
		};
		CC5985A62CD3CD6800649C03 /* EditEvent */ = {
			isa = PBXGroup;
			children = (
				CC5985A72CD3CD7300649C03 /* EditEventViewController.swift */,
				CC5985A92CD3CD7B00649C03 /* EditEventAssembly.swift */,
			);
			path = EditEvent;
			sourceTree = "<group>";
		};
		CC5985AD2CD3D1B300649C03 /* Cell */ = {
			isa = PBXGroup;
			children = (
				CC5985AE2CD3D1DD00649C03 /* PlayerTableViewCell.swift */,
			);
			path = Cell;
			sourceTree = "<group>";
		};
		CC5985B02CD3D6A700649C03 /* AddPlayer */ = {
			isa = PBXGroup;
			children = (
				CC5985B12CD3D6B300649C03 /* AddPlayerViewController.swift */,
				CC5985B32CD3D6BA00649C03 /* AddPlayerAssembly.swift */,
			);
			path = AddPlayer;
			sourceTree = "<group>";
		};
		CC5985B52CD3DB3F00649C03 /* EditPlayer */ = {
			isa = PBXGroup;
			children = (
				CC5985B62CD3DB4C00649C03 /* EditPlayerViewController.swift */,
				CC5985B82CD3DB5300649C03 /* EditPlayerAssembly.swift */,
			);
			path = EditPlayer;
			sourceTree = "<group>";
		};
		CC5985BA2CD3E4AE00649C03 /* Usage */ = {
			isa = PBXGroup;
			children = (
				CC5985BB2CD3E4B900649C03 /* UsageViewController.swift */,
			);
			path = Usage;
			sourceTree = "<group>";
		};
		CC5985BF2CD3E6DB00649C03 /* EventView */ = {
			isa = PBXGroup;
			children = (
				CC5985C02CD3E6E300649C03 /* LastEventView.swift */,
			);
			path = EventView;
			sourceTree = "<group>";
		};
		CC5985C22CD3E75600649C03 /* EmptyView */ = {
			isa = PBXGroup;
			children = (
				CC5985C32CD3E76000649C03 /* EmptyView.swift */,
			);
			path = EmptyView;
			sourceTree = "<group>";
		};
		CC687E932CDBA5A200CDBB27 /* Detail */ = {
			isa = PBXGroup;
			children = (
				CC687E942CDBA5AD00CDBB27 /* Cell */,
				CC687E952CDBA5B700CDBB27 /* DetailViewController.swift */,
				CC687E972CDBA5BE00CDBB27 /* DetailAssembly.swift */,
				CC687E992CDBA5C500CDBB27 /* DetailRouter.swift */,
			);
			path = Detail;
			sourceTree = "<group>";
		};
		CC687E942CDBA5AD00CDBB27 /* Cell */ = {
			isa = PBXGroup;
			children = (
				CC687E9B2CDBA5CC00CDBB27 /* DetailCell.swift */,
			);
			path = Cell;
			sourceTree = "<group>";
		};
		CC687E9D2CDBAA1B00CDBB27 /* Filter */ = {
			isa = PBXGroup;
			children = (
				CC687E9E2CDBAA2D00CDBB27 /* FilterViewController.swift */,
				CC687EA22CDBAA3900CDBB27 /* FilterRouter.swift */,
				CC687EA02CDBAA3300CDBB27 /* FilterAssembly.swift */,
			);
			path = Filter;
			sourceTree = "<group>";
		};
		CC687EA42CDBB24A00CDBB27 /* Profile */ = {
			isa = PBXGroup;
			children = (
				CC687EA52CDBB25400CDBB27 /* ProfileViewController.swift */,
				CC687EA72CDBB25D00CDBB27 /* ProfileAssembly.swift */,
			);
			path = Profile;
			sourceTree = "<group>";
		};
		CC72B22B2CD0C6E600492AC9 /* Settings */ = {
			isa = PBXGroup;
			children = (
				CC5985BA2CD3E4AE00649C03 /* Usage */,
				CC72B22D2CD0C6FB00492AC9 /* SettingsViewController.swift */,
				CC72B22F2CD0C70300492AC9 /* SettingsAssembly.swift */,
				CC72B2312CD0C70A00492AC9 /* SettingsRouter.swift */,
			);
			path = Settings;
			sourceTree = "<group>";
		};
		CC72B2332CD0D5A800492AC9 /* SettingsView */ = {
			isa = PBXGroup;
			children = (
				CC72B2342CD0D5B100492AC9 /* SettingsView.swift */,
			);
			path = SettingsView;
			sourceTree = "<group>";
		};
		CC72B2362CD0F90700492AC9 /* StatView */ = {
			isa = PBXGroup;
			children = (
				CC72B2372CD0F91000492AC9 /* StatView.swift */,
				CC72B2392CD1036B00492AC9 /* BestPView.swift */,
				CC59858B2CD3B04E00649C03 /* CreateStatView.swift */,
				CC59858E2CD3B22A00649C03 /* CreateBestPlayerView.swift */,
				CC5985A42CD3C80A00649C03 /* EventPlayerStatView.swift */,
				CC5985AB2CD3CE3B00649C03 /* EventPlayerPresentStatView.swift */,
			);
			path = StatView;
			sourceTree = "<group>";
		};
		CC72B23B2CD207DD00492AC9 /* Team */ = {
			isa = PBXGroup;
			children = (
				CC72B2522CD223AB00492AC9 /* EditTeam */,
				CC72B2452CD2195400492AC9 /* AddTeam */,
				CC72B2402CD20ED600492AC9 /* Cell */,
				CC72B23C2CD207E800492AC9 /* TeamViewController.swift */,
				CC72B23E2CD207EF00492AC9 /* TeamAssembly.swift */,
				CC72B24A2CD21ABD00492AC9 /* TeamRouter.swift */,
			);
			path = Team;
			sourceTree = "<group>";
		};
		CC72B2402CD20ED600492AC9 /* Cell */ = {
			isa = PBXGroup;
			children = (
				CC72B2412CD20EF100492AC9 /* EmptyCollectionViewCell.swift */,
				CC72B2432CD2107100492AC9 /* TeamCollectionViewCell.swift */,
			);
			path = Cell;
			sourceTree = "<group>";
		};
		CC72B2452CD2195400492AC9 /* AddTeam */ = {
			isa = PBXGroup;
			children = (
				CC72B2462CD2196E00492AC9 /* AddTeamViewController.swift */,
				CC72B2482CD2197500492AC9 /* AddTeamAssembly.swift */,
			);
			path = AddTeam;
			sourceTree = "<group>";
		};
		CC72B24C2CD21BA200492AC9 /* TextFields */ = {
			isa = PBXGroup;
			children = (
				CC72B24D2CD21BC500492AC9 /* HeaderTextField.swift */,
			);
			path = TextFields;
			sourceTree = "<group>";
		};
		CC72B24F2CD21D2000492AC9 /* AddPhoto */ = {
			isa = PBXGroup;
			children = (
				CC72B2502CD21D2800492AC9 /* AddPhotoView.swift */,
			);
			path = AddPhoto;
			sourceTree = "<group>";
		};
		CC72B2522CD223AB00492AC9 /* EditTeam */ = {
			isa = PBXGroup;
			children = (
				CC72B2532CD223B700492AC9 /* EditTeamViewController.swift */,
				CC72B2552CD223C100492AC9 /* EditTeamAssembly.swift */,
			);
			path = EditTeam;
			sourceTree = "<group>";
		};
		CC72B2572CD225DF00492AC9 /* ChooseTeam */ = {
			isa = PBXGroup;
			children = (
				CC72B2582CD225EC00492AC9 /* ChooseTeamViewController.swift */,
				CC72B25A2CD225F400492AC9 /* ChooseTeamAssembly.swift */,
			);
			path = ChooseTeam;
			sourceTree = "<group>";
		};
		CC72B25C2CD237AE00492AC9 /* TeamView */ = {
			isa = PBXGroup;
			children = (
				CC72B25D2CD237B900492AC9 /* TeamView.swift */,
			);
			path = TeamView;
			sourceTree = "<group>";
		};
		CC72B2792CD29C5200492AC9 /* Cell */ = {
			isa = PBXGroup;
			children = (
				CC72B27A2CD29C5D00492AC9 /* MatchTableViewCell.swift */,
				CC72B27C2CD2ACFC00492AC9 /* EmptyTableViewCell.swift */,
			);
			path = Cell;
			sourceTree = "<group>";
		};
		CCC1151C2CCB8DF30099D384 = {
			isa = PBXGroup;
			children = (
				CCC1153D2CCB8F3F0099D384 /* TrackerProViewModel */,
				CCC1153C2CCB8F280099D384 /* TrackerProModel */,
				CCC115272CCB8DF30099D384 /* 1SportsTrackerPro */,
				CCC115262CCB8DF30099D384 /* Products */,
				CCC115502CCB8FDA0099D384 /* Frameworks */,
			);
			sourceTree = "<group>";
		};
		CCC115262CCB8DF30099D384 /* Products */ = {
			isa = PBXGroup;
			children = (
				CCC115252CCB8DF30099D384 /* 1SportsTrackerPro.app */,
			);
			name = Products;
			sourceTree = "<group>";
		};
		CCC115272CCB8DF30099D384 /* 1SportsTrackerPro */ = {
			isa = PBXGroup;
			children = (
				CCC1155A2CCB901D0099D384 /* Components */,
				CCC115592CCB90170099D384 /* Extensions */,
				CCC115582CCB90100099D384 /* Appearance */,
				CCC115572CCB900C0099D384 /* View */,
				CCC115562CCB90070099D384 /* Common */,
				CCC115552CCB90020099D384 /* Base */,
				CCC115282CCB8DF30099D384 /* AppDelegate.swift */,
				CCC1152A2CCB8DF30099D384 /* SceneDelegate.swift */,
				CCC115332CCB8DF50099D384 /* LaunchScreen.storyboard */,
				CCC115362CCB8DF50099D384 /* Info.plist */,
			);
			path = 1SportsTrackerPro;
			sourceTree = "<group>";
		};
		CCC115502CCB8FDA0099D384 /* Frameworks */ = {
			isa = PBXGroup;
			children = (
			);
			name = Frameworks;
			sourceTree = "<group>";
		};
		CCC115552CCB90020099D384 /* Base */ = {
			isa = PBXGroup;
			children = (
				CCC1155B2CCB902F0099D384 /* Setupable.swift */,
				CCC1155D2CCB90390099D384 /* BaseViewController.swift */,
				CCC1155F2CCB90400099D384 /* ReusableView.swift */,
				CCC115612CCB90470099D384 /* BaseRouter.swift */,
			);
			path = Base;
			sourceTree = "<group>";
		};
		CCC115562CCB90070099D384 /* Common */ = {
			isa = PBXGroup;
			children = (
				CCC115632CCB904D0099D384 /* Assembly */,
				CCC115642CCB905B0099D384 /* ViewControllerFactory.swift */,
			);
			path = Common;
			sourceTree = "<group>";
		};
		CCC115572CCB900C0099D384 /* View */ = {
			isa = PBXGroup;
			children = (
				CC687EA42CDBB24A00CDBB27 /* Profile */,
				CC687E9D2CDBAA1B00CDBB27 /* Filter */,
				CC687E932CDBA5A200CDBB27 /* Detail */,
				CCC1159B2CD008360099D384 /* Players */,
				CCC1159A2CD0082E0099D384 /* Statistic */,
				CCC115992CD0082A0099D384 /* Event */,
				CCC115982CD008260099D384 /* Match */,
				CCC115952CD008130099D384 /* Dashboard */,
				CCC115922CCFCF8D0099D384 /* TabBar */,
				CCC115882CCB96190099D384 /* Onboarding */,
				CCC115682CCB915C0099D384 /* UntilOnboarding */,
			);
			path = View;
			sourceTree = "<group>";
		};
		CCC115582CCB90100099D384 /* Appearance */ = {
			isa = PBXGroup;
			children = (
				CCC1156F2CCB918E0099D384 /* Fonts */,
				CCC115312CCB8DF50099D384 /* Assets.xcassets */,
			);
			path = Appearance;
			sourceTree = "<group>";
		};
		CCC115592CCB90170099D384 /* Extensions */ = {
			isa = PBXGroup;
			children = (
				CCC1157A2CCB923B0099D384 /* TableView.swift */,
				CCC1157C2CCB92420099D384 /* CollectionView.swift */,
				CCC1157E2CCB924A0099D384 /* UIColor.swift */,
				CCC115802CCB92510099D384 /* UIDevice.swift */,
				CCC115822CCB92570099D384 /* UILabel.swift */,
				CCC115842CCB925D0099D384 /* StackView.swift */,
				CCC115862CCB92630099D384 /* String.swift */,
			);
			path = Extensions;
			sourceTree = "<group>";
		};
		CCC1155A2CCB901D0099D384 /* Components */ = {
			isa = PBXGroup;
			children = (
				CC5985C22CD3E75600649C03 /* EmptyView */,
				CC5985BF2CD3E6DB00649C03 /* EventView */,
				CC5985862CD3A07900649C03 /* MatchView */,
				CC72B25C2CD237AE00492AC9 /* TeamView */,
				CC72B24F2CD21D2000492AC9 /* AddPhoto */,
				CC72B24C2CD21BA200492AC9 /* TextFields */,
				CC72B2362CD0F90700492AC9 /* StatView */,
				CC72B2332CD0D5A800492AC9 /* SettingsView */,
			);
			path = Components;
			sourceTree = "<group>";
		};
		CCC115632CCB904D0099D384 /* Assembly */ = {
			isa = PBXGroup;
			children = (
				CCC115662CCB90660099D384 /* ServiceAssembly.swift */,
			);
			path = Assembly;
			sourceTree = "<group>";
		};
		CCC115682CCB915C0099D384 /* UntilOnboarding */ = {
			isa = PBXGroup;
			children = (
				CCC115692CCB916C0099D384 /* UntilOnboardingViewController.swift */,
				CCC1156B2CCB91740099D384 /* UntilOnboardingAssembly.swift */,
				CCC1156D2CCB917D0099D384 /* UntilOnboardingRouter.swift */,
			);
			path = UntilOnboarding;
			sourceTree = "<group>";
		};
		CCC1156F2CCB918E0099D384 /* Fonts */ = {
			isa = PBXGroup;
			children = (
				CCC115732CCB91C40099D384 /* SF-Pro-Text-Black.otf */,
				CCC115742CCB91C40099D384 /* SF-Pro-Text-Bold.otf */,
				CCC115722CCB91C40099D384 /* SF-Pro-Text-Medium.otf */,
				CCC115712CCB91C40099D384 /* SF-Pro-Text-Regular.otf */,
				CCC115702CCB91C40099D384 /* SF-Pro-Text-Semibold.otf */,
			);
			path = Fonts;
			sourceTree = "<group>";
		};
		CCC115882CCB96190099D384 /* Onboarding */ = {
			isa = PBXGroup;
			children = (
				CCC115892CCB961E0099D384 /* Cell */,
				CCC1158A2CCB962A0099D384 /* OnboardingViewController.swift */,
				CCC1158C2CCB96340099D384 /* OnboardingAssembly.swift */,
				CCC1158E2CCB963D0099D384 /* OnboardingRouter.swift */,
			);
			path = Onboarding;
			sourceTree = "<group>";
		};
		CCC115892CCB961E0099D384 /* Cell */ = {
			isa = PBXGroup;
			children = (
				CCC115902CCB96440099D384 /* OnboardingCell.swift */,
			);
			path = Cell;
			sourceTree = "<group>";
		};
		CCC115922CCFCF8D0099D384 /* TabBar */ = {
			isa = PBXGroup;
			children = (
				CC5985922CD3B69500649C03 /* SelectTeam */,
				CC72B2572CD225DF00492AC9 /* ChooseTeam */,
				CC72B23B2CD207DD00492AC9 /* Team */,
				CC72B22B2CD0C6E600492AC9 /* Settings */,
				CCC115932CCFCF980099D384 /* TabBarViewController.swift */,
				CC72B2292CD0C65500492AC9 /* TabBarRouter.swift */,
				CC72B25F2CD23D4A00492AC9 /* TabBarAssembly.swift */,
			);
			path = TabBar;
			sourceTree = "<group>";
		};
		CCC115952CD008130099D384 /* Dashboard */ = {
			isa = PBXGroup;
			children = (
				CCC115B42CD0089E0099D384 /* DashboardViewController.swift */,
				CCC115B82CD008AD0099D384 /* DashboardAssembly.swift */,
			);
			path = Dashboard;
			sourceTree = "<group>";
		};
		CCC115982CD008260099D384 /* Match */ = {
			isa = PBXGroup;
			children = (
				CC5985972CD3BE0E00649C03 /* EditMatch */,
				CC5985812CD3906800649C03 /* AddMatch */,
				CC72B2792CD29C5200492AC9 /* Cell */,
				CCC115AE2CD008860099D384 /* MatchViewController.swift */,
				CCC115B02CD0088D0099D384 /* MatchRouter.swift */,
				CCC115B22CD008940099D384 /* MatchAssembly.swift */,
			);
			path = Match;
			sourceTree = "<group>";
		};
		CCC115992CD0082A0099D384 /* Event */ = {
			isa = PBXGroup;
			children = (
				CC5985A62CD3CD6800649C03 /* EditEvent */,
				CC59859F2CD3C5E600649C03 /* AddEvent */,
				CC59859C2CD3C40700649C03 /* Cell */,
				CCC115A82CD0086F0099D384 /* EventViewController.swift */,
				CCC115AA2CD008750099D384 /* EventRouter.swift */,
				CCC115AC2CD0087B0099D384 /* EventAssembly.swift */,
			);
			path = Event;
			sourceTree = "<group>";
		};
		CCC1159A2CD0082E0099D384 /* Statistic */ = {
			isa = PBXGroup;
			children = (
				CCC115A22CD008560099D384 /* StatisticViewController.swift */,
				CCC115A62CD008660099D384 /* StatisticAssembly.swift */,
			);
			path = Statistic;
			sourceTree = "<group>";
		};
		CCC1159B2CD008360099D384 /* Players */ = {
			isa = PBXGroup;
			children = (
				CC5985B52CD3DB3F00649C03 /* EditPlayer */,
				CC5985B02CD3D6A700649C03 /* AddPlayer */,
				CC5985AD2CD3D1B300649C03 /* Cell */,
				CCC1159C2CD008400099D384 /* PlayersViewController.swift */,
				CCC115A02CD0084D0099D384 /* PlayersRouter.swift */,
				CCC1159E2CD008470099D384 /* PlayersAssembly.swift */,
			);
			path = Players;
			sourceTree = "<group>";
		};
/* End PBXGroup section */

/* Begin PBXNativeTarget section */
		CCC115242CCB8DF30099D384 /* 1SportsTrackerPro */ = {
			isa = PBXNativeTarget;
			buildConfigurationList = CCC115392CCB8DF50099D384 /* Build configuration list for PBXNativeTarget "1SportsTrackerPro" */;
			buildPhases = (
				CCC115212CCB8DF30099D384 /* Sources */,
				CCC115222CCB8DF30099D384 /* Frameworks */,
				CCC115232CCB8DF30099D384 /* Resources */,
			);
			buildRules = (
			);
			dependencies = (
			);
			name = 1SportsTrackerPro;
			packageProductDependencies = (
				CCC1153F2CCB8F510099D384 /* SnapKit */,
				CCC115442CCB8F5D0099D384 /* SQLite */,
				CCC115472CCB8F6B0099D384 /* Swinject */,
				CCC1154C2CCB8F750099D384 /* SwinjectAutoregistration */,
				CCC115512CCB8FDA0099D384 /* TrackerProModel */,
				CCC115532CCB8FDA0099D384 /* TrackerProViewModel */,
			);
			productName = 1SportsTrackerPro;
			productReference = CCC115252CCB8DF30099D384 /* 1SportsTrackerPro.app */;
			productType = "com.apple.product-type.application";
		};
/* End PBXNativeTarget section */

/* Begin PBXProject section */
		CCC1151D2CCB8DF30099D384 /* Project object */ = {
			isa = PBXProject;
			attributes = {
				BuildIndependentTargetsInParallel = 1;
				LastSwiftUpdateCheck = 1540;
				LastUpgradeCheck = 1540;
				TargetAttributes = {
					CCC115242CCB8DF30099D384 = {
						CreatedOnToolsVersion = 15.4;
					};
				};
			};
			buildConfigurationList = CCC115202CCB8DF30099D384 /* Build configuration list for PBXProject "1SportsTrackerPro" */;
			compatibilityVersion = "Xcode 14.0";
			developmentRegion = en;
			hasScannedForEncodings = 0;
			knownRegions = (
				en,
				Base,
			);
			mainGroup = CCC1151C2CCB8DF30099D384;
			packageReferences = (
				CCC1153E2CCB8F510099D384 /* XCRemoteSwiftPackageReference "SnapKit" */,
				CCC115432CCB8F5D0099D384 /* XCRemoteSwiftPackageReference "SQLite.swift" */,
				CCC115462CCB8F6B0099D384 /* XCRemoteSwiftPackageReference "Swinject" */,
				CCC1154B2CCB8F750099D384 /* XCRemoteSwiftPackageReference "SwinjectAutoregistration" */,
			);
			productRefGroup = CCC115262CCB8DF30099D384 /* Products */;
			projectDirPath = "";
			projectRoot = "";
			targets = (
				CCC115242CCB8DF30099D384 /* 1SportsTrackerPro */,
			);
		};
/* End PBXProject section */

/* Begin PBXResourcesBuildPhase section */
		CCC115232CCB8DF30099D384 /* Resources */ = {
			isa = PBXResourcesBuildPhase;
			buildActionMask = 2147483647;
			files = (
				CCC115752CCB91C40099D384 /* SF-Pro-Text-Semibold.otf in Resources */,
				CCC115792CCB91C40099D384 /* SF-Pro-Text-Bold.otf in Resources */,
				CCC115782CCB91C40099D384 /* SF-Pro-Text-Black.otf in Resources */,
				CCC115322CCB8DF50099D384 /* Assets.xcassets in Resources */,
				CCC115762CCB91C40099D384 /* SF-Pro-Text-Regular.otf in Resources */,
				CCC115772CCB91C40099D384 /* SF-Pro-Text-Medium.otf in Resources */,
				CCC115352CCB8DF50099D384 /* Base in Resources */,
			);
			runOnlyForDeploymentPostprocessing = 0;
		};
/* End PBXResourcesBuildPhase section */

/* Begin PBXSourcesBuildPhase section */
		CCC115212CCB8DF30099D384 /* Sources */ = {
			isa = PBXSourcesBuildPhase;
			buildActionMask = 2147483647;
			files = (
				CC5985912CD3B42A00649C03 /* AddMatchRouter.swift in Sources */,
				CC5985A12CD3C5F200649C03 /* AddEventViewController.swift in Sources */,
				CC72B2382CD0F91000492AC9 /* StatView.swift in Sources */,
				CC5985C42CD3E76000649C03 /* EmptyView.swift in Sources */,
				CC5985992CD3BE1A00649C03 /* EditMatchViewController.swift in Sources */,
				CC72B23D2CD207E800492AC9 /* TeamViewController.swift in Sources */,
				CCC115B92CD008AD0099D384 /* DashboardAssembly.swift in Sources */,
				CCC115292CCB8DF30099D384 /* AppDelegate.swift in Sources */,
				CC59859E2CD3C42D00649C03 /* EventTableViewCell.swift in Sources */,
				CC72B2592CD225EC00492AC9 /* ChooseTeamViewController.swift in Sources */,
				CCC1157F2CCB924A0099D384 /* UIColor.swift in Sources */,
				CC72B2322CD0C70A00492AC9 /* SettingsRouter.swift in Sources */,
				CC59858F2CD3B22A00649C03 /* CreateBestPlayerView.swift in Sources */,
				CC72B2562CD223C100492AC9 /* EditTeamAssembly.swift in Sources */,
				CCC1157B2CCB923B0099D384 /* TableView.swift in Sources */,
				CC687E9A2CDBA5C500CDBB27 /* DetailRouter.swift in Sources */,
				CCC1156C2CCB91740099D384 /* UntilOnboardingAssembly.swift in Sources */,
				CC5985B42CD3D6BA00649C03 /* AddPlayerAssembly.swift in Sources */,
				CC5985AF2CD3D1DD00649C03 /* PlayerTableViewCell.swift in Sources */,
				CC59859B2CD3BE2300649C03 /* EditMatchAssembly.swift in Sources */,
				CCC1158B2CCB962A0099D384 /* OnboardingViewController.swift in Sources */,
				CCC115A92CD0086F0099D384 /* EventViewController.swift in Sources */,
				CCC115A12CD0084D0099D384 /* PlayersRouter.swift in Sources */,
				CCC115A32CD008560099D384 /* StatisticViewController.swift in Sources */,
				CC687EA12CDBAA3300CDBB27 /* FilterAssembly.swift in Sources */,
				CC5985B72CD3DB4C00649C03 /* EditPlayerViewController.swift in Sources */,
				CC72B2442CD2107100492AC9 /* TeamCollectionViewCell.swift in Sources */,
				CC72B27D2CD2ACFC00492AC9 /* EmptyTableViewCell.swift in Sources */,
				CCC1159D2CD008400099D384 /* PlayersViewController.swift in Sources */,
				CC5985A32CD3C5F900649C03 /* AddEventAssembly.swift in Sources */,
				CC72B24B2CD21ABD00492AC9 /* TeamRouter.swift in Sources */,
				CC687E9F2CDBAA2D00CDBB27 /* FilterViewController.swift in Sources */,
				CC72B2472CD2196E00492AC9 /* AddTeamViewController.swift in Sources */,
				CC5985A82CD3CD7300649C03 /* EditEventViewController.swift in Sources */,
				CC687E982CDBA5BE00CDBB27 /* DetailAssembly.swift in Sources */,
				CC72B2352CD0D5B100492AC9 /* SettingsView.swift in Sources */,
				CC5985AA2CD3CD7B00649C03 /* EditEventAssembly.swift in Sources */,
				CCC115672CCB90660099D384 /* ServiceAssembly.swift in Sources */,
				CCC115B32CD008940099D384 /* MatchAssembly.swift in Sources */,
				CC5985832CD3907400649C03 /* AddMatchViewController.swift in Sources */,
				CCC1158D2CCB96340099D384 /* OnboardingAssembly.swift in Sources */,
				CCC115652CCB905B0099D384 /* ViewControllerFactory.swift in Sources */,
				CCC115832CCB92570099D384 /* UILabel.swift in Sources */,
				CC5985B92CD3DB5300649C03 /* EditPlayerAssembly.swift in Sources */,
				CC5985AC2CD3CE3B00649C03 /* EventPlayerPresentStatView.swift in Sources */,
				CCC1157D2CCB92420099D384 /* CollectionView.swift in Sources */,
				CC72B22A2CD0C65500492AC9 /* TabBarRouter.swift in Sources */,
				CC687EA62CDBB25400CDBB27 /* ProfileViewController.swift in Sources */,
				CCC115912CCB96440099D384 /* OnboardingCell.swift in Sources */,
				CC687EA32CDBAA3900CDBB27 /* FilterRouter.swift in Sources */,
				CCC115AD2CD0087B0099D384 /* EventAssembly.swift in Sources */,
				CC72B2492CD2197500492AC9 /* AddTeamAssembly.swift in Sources */,
				CC5985942CD3B6AA00649C03 /* SelectTeamViewController.swift in Sources */,
				CC5985BC2CD3E4B900649C03 /* UsageViewController.swift in Sources */,
				CC72B2602CD23D4A00492AC9 /* TabBarAssembly.swift in Sources */,
				CCC1158F2CCB963D0099D384 /* OnboardingRouter.swift in Sources */,
				CCC115B52CD0089E0099D384 /* DashboardViewController.swift in Sources */,
				CC5985962CD3B6B200649C03 /* SelectTeamAssembly.swift in Sources */,
				CC687E9C2CDBA5CC00CDBB27 /* DetailCell.swift in Sources */,
				CC5985BE2CD3E6A800649C03 /* LastMatchView.swift in Sources */,
				CC5985882CD3A08000649C03 /* MatchPresentView.swift in Sources */,
				CC72B22E2CD0C6FB00492AC9 /* SettingsViewController.swift in Sources */,
				CC687E962CDBA5B700CDBB27 /* DetailViewController.swift in Sources */,
				CCC115AF2CD008860099D384 /* MatchViewController.swift in Sources */,
				CC5985A52CD3C80A00649C03 /* EventPlayerStatView.swift in Sources */,
				CC687EA82CDBB25D00CDBB27 /* ProfileAssembly.swift in Sources */,
				CC72B23F2CD207EF00492AC9 /* TeamAssembly.swift in Sources */,
				CC5985852CD3907D00649C03 /* AddMatchAssembly.swift in Sources */,
				CC5985B22CD3D6B300649C03 /* AddPlayerViewController.swift in Sources */,
				CC72B2542CD223B700492AC9 /* EditTeamViewController.swift in Sources */,
				CCC115622CCB90470099D384 /* BaseRouter.swift in Sources */,
				CCC115B12CD0088D0099D384 /* MatchRouter.swift in Sources */,
				CCC1156E2CCB917D0099D384 /* UntilOnboardingRouter.swift in Sources */,
				CCC115602CCB90400099D384 /* ReusableView.swift in Sources */,
				CCC115942CCFCF980099D384 /* TabBarViewController.swift in Sources */,
				CCC115812CCB92510099D384 /* UIDevice.swift in Sources */,
				CC72B25B2CD225F400492AC9 /* ChooseTeamAssembly.swift in Sources */,
				CC72B24E2CD21BC500492AC9 /* HeaderTextField.swift in Sources */,
				CC59858A2CD3A0C100649C03 /* CreateMatchView.swift in Sources */,
				CC59858C2CD3B04E00649C03 /* CreateStatView.swift in Sources */,
				CCC115A72CD008660099D384 /* StatisticAssembly.swift in Sources */,
				CC72B23A2CD1036B00492AC9 /* BestPView.swift in Sources */,
				CC72B25E2CD237B900492AC9 /* TeamView.swift in Sources */,
				CC72B2512CD21D2800492AC9 /* AddPhotoView.swift in Sources */,
				CCC115AB2CD008750099D384 /* EventRouter.swift in Sources */,
				CCC115872CCB92630099D384 /* String.swift in Sources */,
				CCC1155E2CCB90390099D384 /* BaseViewController.swift in Sources */,
				CCC115852CCB925D0099D384 /* StackView.swift in Sources */,
				CCC1159F2CD008470099D384 /* PlayersAssembly.swift in Sources */,
				CCC1152B2CCB8DF30099D384 /* SceneDelegate.swift in Sources */,
				CCC1156A2CCB916C0099D384 /* UntilOnboardingViewController.swift in Sources */,
				CC72B2302CD0C70300492AC9 /* SettingsAssembly.swift in Sources */,
				CC72B27B2CD29C5D00492AC9 /* MatchTableViewCell.swift in Sources */,
				CC72B2422CD20EF100492AC9 /* EmptyCollectionViewCell.swift in Sources */,
				CCC1155C2CCB902F0099D384 /* Setupable.swift in Sources */,
				CC5985C12CD3E6E300649C03 /* LastEventView.swift in Sources */,
			);
			runOnlyForDeploymentPostprocessing = 0;
		};
/* End PBXSourcesBuildPhase section */

/* Begin PBXVariantGroup section */
		CCC115332CCB8DF50099D384 /* LaunchScreen.storyboard */ = {
			isa = PBXVariantGroup;
			children = (
				CCC115342CCB8DF50099D384 /* Base */,
			);
			name = LaunchScreen.storyboard;
			sourceTree = "<group>";
		};
/* End PBXVariantGroup section */

/* Begin XCBuildConfiguration section */
		CCC115372CCB8DF50099D384 /* Debug */ = {
			isa = XCBuildConfiguration;
			buildSettings = {
				ALWAYS_SEARCH_USER_PATHS = NO;
				ASSETCATALOG_COMPILER_GENERATE_SWIFT_ASSET_SYMBOL_EXTENSIONS = YES;
				CLANG_ANALYZER_NONNULL = YES;
				CLANG_ANALYZER_NUMBER_OBJECT_CONVERSION = YES_AGGRESSIVE;
				CLANG_CXX_LANGUAGE_STANDARD = "gnu++20";
				CLANG_ENABLE_MODULES = YES;
				CLANG_ENABLE_OBJC_ARC = YES;
				CLANG_ENABLE_OBJC_WEAK = YES;
				CLANG_WARN_BLOCK_CAPTURE_AUTORELEASING = YES;
				CLANG_WARN_BOOL_CONVERSION = YES;
				CLANG_WARN_COMMA = YES;
				CLANG_WARN_CONSTANT_CONVERSION = YES;
				CLANG_WARN_DEPRECATED_OBJC_IMPLEMENTATIONS = YES;
				CLANG_WARN_DIRECT_OBJC_ISA_USAGE = YES_ERROR;
				CLANG_WARN_DOCUMENTATION_COMMENTS = YES;
				CLANG_WARN_EMPTY_BODY = YES;
				CLANG_WARN_ENUM_CONVERSION = YES;
				CLANG_WARN_INFINITE_RECURSION = YES;
				CLANG_WARN_INT_CONVERSION = YES;
				CLANG_WARN_NON_LITERAL_NULL_CONVERSION = YES;
				CLANG_WARN_OBJC_IMPLICIT_RETAIN_SELF = YES;
				CLANG_WARN_OBJC_LITERAL_CONVERSION = YES;
				CLANG_WARN_OBJC_ROOT_CLASS = YES_ERROR;
				CLANG_WARN_QUOTED_INCLUDE_IN_FRAMEWORK_HEADER = YES;
				CLANG_WARN_RANGE_LOOP_ANALYSIS = YES;
				CLANG_WARN_STRICT_PROTOTYPES = YES;
				CLANG_WARN_SUSPICIOUS_MOVE = YES;
				CLANG_WARN_UNGUARDED_AVAILABILITY = YES_AGGRESSIVE;
				CLANG_WARN_UNREACHABLE_CODE = YES;
				CLANG_WARN__DUPLICATE_METHOD_MATCH = YES;
				COPY_PHASE_STRIP = NO;
				DEBUG_INFORMATION_FORMAT = dwarf;
				ENABLE_STRICT_OBJC_MSGSEND = YES;
				ENABLE_TESTABILITY = YES;
				ENABLE_USER_SCRIPT_SANDBOXING = YES;
				GCC_C_LANGUAGE_STANDARD = gnu17;
				GCC_DYNAMIC_NO_PIC = NO;
				GCC_NO_COMMON_BLOCKS = YES;
				GCC_OPTIMIZATION_LEVEL = 0;
				GCC_PREPROCESSOR_DEFINITIONS = (
					"DEBUG=1",
					"$(inherited)",
				);
				GCC_WARN_64_TO_32_BIT_CONVERSION = YES;
				GCC_WARN_ABOUT_RETURN_TYPE = YES_ERROR;
				GCC_WARN_UNDECLARED_SELECTOR = YES;
				GCC_WARN_UNINITIALIZED_AUTOS = YES_AGGRESSIVE;
				GCC_WARN_UNUSED_FUNCTION = YES;
				GCC_WARN_UNUSED_VARIABLE = YES;
				IPHONEOS_DEPLOYMENT_TARGET = 14.0;
				LOCALIZATION_PREFERS_STRING_CATALOGS = YES;
				MTL_ENABLE_DEBUG_INFO = INCLUDE_SOURCE;
				MTL_FAST_MATH = YES;
				ONLY_ACTIVE_ARCH = YES;
				SDKROOT = iphoneos;
				SWIFT_ACTIVE_COMPILATION_CONDITIONS = "DEBUG $(inherited)";
				SWIFT_OPTIMIZATION_LEVEL = "-Onone";
			};
			name = Debug;
		};
		CCC115382CCB8DF50099D384 /* Release */ = {
			isa = XCBuildConfiguration;
			buildSettings = {
				ALWAYS_SEARCH_USER_PATHS = NO;
				ASSETCATALOG_COMPILER_GENERATE_SWIFT_ASSET_SYMBOL_EXTENSIONS = YES;
				CLANG_ANALYZER_NONNULL = YES;
				CLANG_ANALYZER_NUMBER_OBJECT_CONVERSION = YES_AGGRESSIVE;
				CLANG_CXX_LANGUAGE_STANDARD = "gnu++20";
				CLANG_ENABLE_MODULES = YES;
				CLANG_ENABLE_OBJC_ARC = YES;
				CLANG_ENABLE_OBJC_WEAK = YES;
				CLANG_WARN_BLOCK_CAPTURE_AUTORELEASING = YES;
				CLANG_WARN_BOOL_CONVERSION = YES;
				CLANG_WARN_COMMA = YES;
				CLANG_WARN_CONSTANT_CONVERSION = YES;
				CLANG_WARN_DEPRECATED_OBJC_IMPLEMENTATIONS = YES;
				CLANG_WARN_DIRECT_OBJC_ISA_USAGE = YES_ERROR;
				CLANG_WARN_DOCUMENTATION_COMMENTS = YES;
				CLANG_WARN_EMPTY_BODY = YES;
				CLANG_WARN_ENUM_CONVERSION = YES;
				CLANG_WARN_INFINITE_RECURSION = YES;
				CLANG_WARN_INT_CONVERSION = YES;
				CLANG_WARN_NON_LITERAL_NULL_CONVERSION = YES;
				CLANG_WARN_OBJC_IMPLICIT_RETAIN_SELF = YES;
				CLANG_WARN_OBJC_LITERAL_CONVERSION = YES;
				CLANG_WARN_OBJC_ROOT_CLASS = YES_ERROR;
				CLANG_WARN_QUOTED_INCLUDE_IN_FRAMEWORK_HEADER = YES;
				CLANG_WARN_RANGE_LOOP_ANALYSIS = YES;
				CLANG_WARN_STRICT_PROTOTYPES = YES;
				CLANG_WARN_SUSPICIOUS_MOVE = YES;
				CLANG_WARN_UNGUARDED_AVAILABILITY = YES_AGGRESSIVE;
				CLANG_WARN_UNREACHABLE_CODE = YES;
				CLANG_WARN__DUPLICATE_METHOD_MATCH = YES;
				COPY_PHASE_STRIP = NO;
				DEBUG_INFORMATION_FORMAT = "dwarf-with-dsym";
				ENABLE_NS_ASSERTIONS = NO;
				ENABLE_STRICT_OBJC_MSGSEND = YES;
				ENABLE_USER_SCRIPT_SANDBOXING = YES;
				GCC_C_LANGUAGE_STANDARD = gnu17;
				GCC_NO_COMMON_BLOCKS = YES;
				GCC_WARN_64_TO_32_BIT_CONVERSION = YES;
				GCC_WARN_ABOUT_RETURN_TYPE = YES_ERROR;
				GCC_WARN_UNDECLARED_SELECTOR = YES;
				GCC_WARN_UNINITIALIZED_AUTOS = YES_AGGRESSIVE;
				GCC_WARN_UNUSED_FUNCTION = YES;
				GCC_WARN_UNUSED_VARIABLE = YES;
				IPHONEOS_DEPLOYMENT_TARGET = 14.0;
				LOCALIZATION_PREFERS_STRING_CATALOGS = YES;
				MTL_ENABLE_DEBUG_INFO = NO;
				MTL_FAST_MATH = YES;
				SDKROOT = iphoneos;
				SWIFT_COMPILATION_MODE = wholemodule;
				VALIDATE_PRODUCT = YES;
			};
			name = Release;
		};
		CCC1153A2CCB8DF50099D384 /* Debug */ = {
			isa = XCBuildConfiguration;
			buildSettings = {
				ASSETCATALOG_COMPILER_APPICON_NAME = AppIcon;
				ASSETCATALOG_COMPILER_GLOBAL_ACCENT_COLOR_NAME = AccentColor;
				CODE_SIGN_STYLE = Automatic;
				CURRENT_PROJECT_VERSION = 1;
				DEVELOPMENT_TEAM = "";
				GENERATE_INFOPLIST_FILE = YES;
				INFOPLIST_FILE = 1SportsTrackerPro/Info.plist;
				INFOPLIST_KEY_CFBundleDisplayName = "1 Sports Tracker Win";
				INFOPLIST_KEY_UIApplicationSupportsIndirectInputEvents = YES;
				INFOPLIST_KEY_UILaunchStoryboardName = LaunchScreen;
				INFOPLIST_KEY_UIRequiresFullScreen = YES;
				INFOPLIST_KEY_UISupportedInterfaceOrientations = UIInterfaceOrientationPortrait;
				IPHONEOS_DEPLOYMENT_TARGET = 14.0;
				LD_RUNPATH_SEARCH_PATHS = (
					"$(inherited)",
					"@executable_path/Frameworks",
				);
				MARKETING_VERSION = 1.2;
				PRODUCT_BUNDLE_IDENTIFIER = com.hel.sp0rts1tr4pro;
				PRODUCT_NAME = "$(TARGET_NAME)";
				SUPPORTED_PLATFORMS = "iphoneos iphonesimulator";
				SUPPORTS_MACCATALYST = NO;
				SUPPORTS_MAC_DESIGNED_FOR_IPHONE_IPAD = NO;
				SUPPORTS_XR_DESIGNED_FOR_IPHONE_IPAD = NO;
				SWIFT_EMIT_LOC_STRINGS = YES;
				SWIFT_VERSION = 5.0;
				TARGETED_DEVICE_FAMILY = 1;
			};
			name = Debug;
		};
		CCC1153B2CCB8DF50099D384 /* Release */ = {
			isa = XCBuildConfiguration;
			buildSettings = {
				ASSETCATALOG_COMPILER_APPICON_NAME = AppIcon;
				ASSETCATALOG_COMPILER_GLOBAL_ACCENT_COLOR_NAME = AccentColor;
				CODE_SIGN_STYLE = Automatic;
				CURRENT_PROJECT_VERSION = 1;
				DEVELOPMENT_TEAM = "";
				GENERATE_INFOPLIST_FILE = YES;
				INFOPLIST_FILE = 1SportsTrackerPro/Info.plist;
				INFOPLIST_KEY_CFBundleDisplayName = "1 Sports Tracker Win";
				INFOPLIST_KEY_UIApplicationSupportsIndirectInputEvents = YES;
				INFOPLIST_KEY_UILaunchStoryboardName = LaunchScreen;
				INFOPLIST_KEY_UIRequiresFullScreen = YES;
				INFOPLIST_KEY_UISupportedInterfaceOrientations = UIInterfaceOrientationPortrait;
				IPHONEOS_DEPLOYMENT_TARGET = 14.0;
				LD_RUNPATH_SEARCH_PATHS = (
					"$(inherited)",
					"@executable_path/Frameworks",
				);
				MARKETING_VERSION = 1.2;
				PRODUCT_BUNDLE_IDENTIFIER = com.hel.sp0rts1tr4pro;
				PRODUCT_NAME = "$(TARGET_NAME)";
				SUPPORTED_PLATFORMS = "iphoneos iphonesimulator";
				SUPPORTS_MACCATALYST = NO;
				SUPPORTS_MAC_DESIGNED_FOR_IPHONE_IPAD = NO;
				SUPPORTS_XR_DESIGNED_FOR_IPHONE_IPAD = NO;
				SWIFT_EMIT_LOC_STRINGS = YES;
				SWIFT_VERSION = 5.0;
				TARGETED_DEVICE_FAMILY = 1;
			};
			name = Release;
		};
/* End XCBuildConfiguration section */

/* Begin XCConfigurationList section */
		CCC115202CCB8DF30099D384 /* Build configuration list for PBXProject "1SportsTrackerPro" */ = {
			isa = XCConfigurationList;
			buildConfigurations = (
				CCC115372CCB8DF50099D384 /* Debug */,
				CCC115382CCB8DF50099D384 /* Release */,
			);
			defaultConfigurationIsVisible = 0;
			defaultConfigurationName = Release;
		};
		CCC115392CCB8DF50099D384 /* Build configuration list for PBXNativeTarget "1SportsTrackerPro" */ = {
			isa = XCConfigurationList;
			buildConfigurations = (
				CCC1153A2CCB8DF50099D384 /* Debug */,
				CCC1153B2CCB8DF50099D384 /* Release */,
			);
			defaultConfigurationIsVisible = 0;
			defaultConfigurationName = Release;
		};
/* End XCConfigurationList section */

/* Begin XCRemoteSwiftPackageReference section */
		CCC1153E2CCB8F510099D384 /* XCRemoteSwiftPackageReference "SnapKit" */ = {
			isa = XCRemoteSwiftPackageReference;
			repositoryURL = "https://github.com/SnapKit/SnapKit.git";
			requirement = {
				kind = upToNextMajorVersion;
				minimumVersion = 5.7.1;
			};
		};
		CCC115432CCB8F5D0099D384 /* XCRemoteSwiftPackageReference "SQLite.swift" */ = {
			isa = XCRemoteSwiftPackageReference;
			repositoryURL = "https://github.com/stephencelis/SQLite.swift.git";
			requirement = {
				kind = upToNextMajorVersion;
				minimumVersion = 0.15.3;
			};
		};
		CCC115462CCB8F6B0099D384 /* XCRemoteSwiftPackageReference "Swinject" */ = {
			isa = XCRemoteSwiftPackageReference;
			repositoryURL = "https://github.com/Swinject/Swinject";
			requirement = {
				kind = upToNextMajorVersion;
				minimumVersion = 2.9.1;
			};
		};
		CCC1154B2CCB8F750099D384 /* XCRemoteSwiftPackageReference "SwinjectAutoregistration" */ = {
			isa = XCRemoteSwiftPackageReference;
			repositoryURL = "https://github.com/Swinject/SwinjectAutoregistration.git";
			requirement = {
				kind = upToNextMajorVersion;
				minimumVersion = 2.9.1;
			};
		};
/* End XCRemoteSwiftPackageReference section */

/* Begin XCSwiftPackageProductDependency section */
		CCC1153F2CCB8F510099D384 /* SnapKit */ = {
			isa = XCSwiftPackageProductDependency;
			package = CCC1153E2CCB8F510099D384 /* XCRemoteSwiftPackageReference "SnapKit" */;
			productName = SnapKit;
		};
		CCC115442CCB8F5D0099D384 /* SQLite */ = {
			isa = XCSwiftPackageProductDependency;
			package = CCC115432CCB8F5D0099D384 /* XCRemoteSwiftPackageReference "SQLite.swift" */;
			productName = SQLite;
		};
		CCC115472CCB8F6B0099D384 /* Swinject */ = {
			isa = XCSwiftPackageProductDependency;
			package = CCC115462CCB8F6B0099D384 /* XCRemoteSwiftPackageReference "Swinject" */;
			productName = Swinject;
		};
		CCC1154C2CCB8F750099D384 /* SwinjectAutoregistration */ = {
			isa = XCSwiftPackageProductDependency;
			package = CCC1154B2CCB8F750099D384 /* XCRemoteSwiftPackageReference "SwinjectAutoregistration" */;
			productName = SwinjectAutoregistration;
		};
		CCC115512CCB8FDA0099D384 /* TrackerProModel */ = {
			isa = XCSwiftPackageProductDependency;
			productName = TrackerProModel;
		};
		CCC115532CCB8FDA0099D384 /* TrackerProViewModel */ = {
			isa = XCSwiftPackageProductDependency;
			productName = TrackerProViewModel;
		};
/* End XCSwiftPackageProductDependency section */
	};
	rootObject = CCC1151D2CCB8DF30099D384 /* Project object */;
}
